{
  "version": 2,
  "dependencies": {
    "net10.0-windows10.0.22000": {
      "tooltail.application": {
        "type": "Project",
        "dependencies": {
          "Microsoft.Extensions.DependencyInjection.Abstractions": "[10.0.10, )",
          "Tooltail.Contracts": "[1.0.0, )",
          "Tooltail.Domain": "[1.0.0, )"
        }
      },
      "tooltail.contracts": {
        "type": "Project"
      },
      "tooltail.domain": {
        "type": "Project"
      },
      "Microsoft.Extensions.DependencyInjection.Abstractions": {
        "type": "CentralTransitive",
        "requested": "[10.0.10, )",
        "resolved": "10.0.10",
        "contentHash": "z/2xXlFw2aLGjHyEm6E0tQ+In6VfzQzTrtArbQ2c0TQE16ZbyDCMGPvaUT9I0s8rgy9sRWlU2P9waW37qV04qA=="
      }
    }
  }
}